
Microsoft Visual Studio Solution File, Format Version 12.00
# Visual Studio Version 17
VisualStudioVersion = 17.14.36310.24 d17.14
MinimumVisualStudioVersion = 10.0.40219.1
Project("{FAE04EC0-301F-11D3-BF4B-00C04F79EFBC}") = "ControleAPI", "ControleAPI\ControleAPI.csproj", "{6F3C57F0-97DE-4192-9BAD-F46365ED6387}"
EndProject
Global
	GlobalSection(SolutionConfigurationPlatforms) = preSolution
		Debug|Any CPU = Debug|Any CPU
		Release|Any CPU = Release|Any CPU
	EndGlobalSection
	GlobalSection(ProjectConfigurationPlatforms) = postSolution
		{6F3C57F0-97DE-4192-9BAD-F46365ED6387}.Debug|Any CPU.ActiveCfg = Debug|Any CPU
		{6F3C57F0-97DE-4192-9BAD-F46365ED6387}.Debug|Any CPU.Build.0 = Debug|Any CPU
		{6F3C57F0-97DE-4192-9BAD-F46365ED6387}.Release|Any CPU.ActiveCfg = Release|Any CPU
		{6F3C57F0-97DE-4192-9BAD-F46365ED6387}.Release|Any CPU.Build.0 = Release|Any CPU
	EndGlobalSection
	GlobalSection(SolutionProperties) = preSolution
		HideSolutionNode = FALSE
	EndGlobalSection
	GlobalSection(ExtensibilityGlobals) = postSolution
		SolutionGuid = {8804E8D4-82E5-48EE-B538-B6C4087F91C2}
	EndGlobalSection
EndGlobal
